
Microsoft Visual Studio Solution File, Format Version 12.00
# Visual Studio Version 16
VisualStudioVersion = 16.0.28531.58
MinimumVisualStudioVersion = 10.0.40219.1
Project("{9A19103F-16F7-4668-BE54-9A1E7A4F7556}") = "Zimmergren.ACI.DemoWithSecretVolume", "Zimmergren.ACI.DemoWithSecretVolume.csproj", "{3244458D-555D-4B9D-845D-539558CCB3A2}"
EndProject
Global
	GlobalSection(SolutionConfigurationPlatforms) = preSolution
		Debug|Any CPU = Debug|Any CPU
		Release|Any CPU = Release|Any CPU
	EndGlobalSection
	GlobalSection(ProjectConfigurationPlatforms) = postSolution
		{3244458D-555D-4B9D-845D-539558CCB3A2}.Debug|Any CPU.ActiveCfg = Debug|Any CPU
		{3244458D-555D-4B9D-845D-539558CCB3A2}.Debug|Any CPU.Build.0 = Debug|Any CPU
		{3244458D-555D-4B9D-845D-539558CCB3A2}.Release|Any CPU.ActiveCfg = Release|Any CPU
		{3244458D-555D-4B9D-845D-539558CCB3A2}.Release|Any CPU.Build.0 = Release|Any CPU
	EndGlobalSection
	GlobalSection(SolutionProperties) = preSolution
		HideSolutionNode = FALSE
	EndGlobalSection
	GlobalSection(ExtensibilityGlobals) = postSolution
		SolutionGuid = {3A7A8978-9EAA-4834-A8EF-C268CA83C366}
	EndGlobalSection
EndGlobal
