
Microsoft Visual Studio Solution File, Format Version 12.00
# Visual Studio Version 16
VisualStudioVersion = 16.0.28531.58
MinimumVisualStudioVersion = 10.0.40219.1
Project("{9A19103F-16F7-4668-BE54-9A1E7A4F7556}") = "Zimmergren.ACI.Demo1", "Zimmergren.ACI.Demo1\Zimmergren.ACI.Demo1.csproj", "{8C74BD8D-FC7C-49EC-AF5D-9F5FCEFD44DB}"
EndProject
Global
	GlobalSection(SolutionConfigurationPlatforms) = preSolution
		Debug|Any CPU = Debug|Any CPU
		Release|Any CPU = Release|Any CPU
	EndGlobalSection
	GlobalSection(ProjectConfigurationPlatforms) = postSolution
		{8C74BD8D-FC7C-49EC-AF5D-9F5FCEFD44DB}.Debug|Any CPU.ActiveCfg = Debug|Any CPU
		{8C74BD8D-FC7C-49EC-AF5D-9F5FCEFD44DB}.Debug|Any CPU.Build.0 = Debug|Any CPU
		{8C74BD8D-FC7C-49EC-AF5D-9F5FCEFD44DB}.Release|Any CPU.ActiveCfg = Release|Any CPU
		{8C74BD8D-FC7C-49EC-AF5D-9F5FCEFD44DB}.Release|Any CPU.Build.0 = Release|Any CPU
	EndGlobalSection
	GlobalSection(SolutionProperties) = preSolution
		HideSolutionNode = FALSE
	EndGlobalSection
	GlobalSection(ExtensibilityGlobals) = postSolution
		SolutionGuid = {BB80E95B-0BAB-4B47-9122-E74B0CD670DE}
	EndGlobalSection
EndGlobal
